
Microsoft Visual Studio Solution File, Format Version 12.00
# Visual Studio Version 16
VisualStudioVersion = 16.0.30523.141
MinimumVisualStudioVersion = 10.0.40219.1
Project("{FAE04EC0-301F-11D3-BF4B-00C04F79EFBC}") = "Terms", "Terms\Terms.csproj", "{CFFCDC1B-1A9B-46A2-A166-18A09F0ECB21}"
EndProject
Global
	GlobalSection(SolutionConfigurationPlatforms) = preSolution
		Debug|Any CPU = Debug|Any CPU
		Release|Any CPU = Release|Any CPU
	EndGlobalSection
	GlobalSection(ProjectConfigurationPlatforms) = postSolution
		{CFFCDC1B-1A9B-46A2-A166-18A09F0ECB21}.Debug|Any CPU.ActiveCfg = Debug|Any CPU
		{CFFCDC1B-1A9B-46A2-A166-18A09F0ECB21}.Debug|Any CPU.Build.0 = Debug|Any CPU
		{CFFCDC1B-1A9B-46A2-A166-18A09F0ECB21}.Release|Any CPU.ActiveCfg = Release|Any CPU
		{CFFCDC1B-1A9B-46A2-A166-18A09F0ECB21}.Release|Any CPU.Build.0 = Release|Any CPU
	EndGlobalSection
	GlobalSection(SolutionProperties) = preSolution
		HideSolutionNode = FALSE
	EndGlobalSection
	GlobalSection(ExtensibilityGlobals) = postSolution
		SolutionGuid = {704D6143-D6CD-48C8-9E42-61C5530DC88F}
	EndGlobalSection
EndGlobal
